
Microsoft Visual Studio Solution File, Format Version 12.00
# Visual Studio Version 16
VisualStudioVersion = 16.0.30907.101
MinimumVisualStudioVersion = 10.0.40219.1
Project("{9A19103F-16F7-4668-BE54-9A1E7A4F7556}") = "SKMapGenerator", "SKMapGenerator\SKMapGenerator.csproj", "{D9A8A47D-50A7-4F01-8FA8-71CD09584692}"
EndProject
Global
	GlobalSection(SolutionConfigurationPlatforms) = preSolution
		Debug|Any CPU = Debug|Any CPU
		Release|Any CPU = Release|Any CPU
	EndGlobalSection
	GlobalSection(ProjectConfigurationPlatforms) = postSolution
		{D9A8A47D-50A7-4F01-8FA8-71CD09584692}.Debug|Any CPU.ActiveCfg = Debug|Any CPU
		{D9A8A47D-50A7-4F01-8FA8-71CD09584692}.Debug|Any CPU.Build.0 = Debug|Any CPU
		{D9A8A47D-50A7-4F01-8FA8-71CD09584692}.Release|Any CPU.ActiveCfg = Release|Any CPU
		{D9A8A47D-50A7-4F01-8FA8-71CD09584692}.Release|Any CPU.Build.0 = Release|Any CPU
	EndGlobalSection
	GlobalSection(SolutionProperties) = preSolution
		HideSolutionNode = FALSE
	EndGlobalSection
	GlobalSection(ExtensibilityGlobals) = postSolution
		SolutionGuid = {67EE2ADF-B92B-41C0-8E55-311112EE7291}
	EndGlobalSection
EndGlobal
